// !$*UTF8*$!
{
	archiveVersion = 1;
	classes = {
	};
	objectVersion = 77;
	objects = {

/* Begin PBXBuildFile section */
		DD4954672EB82B2E000D11AA /* ComponentsKit in Frameworks */ = {isa = PBXBuildFile; productRef = DD4954662EB82B2E000D11AA /* ComponentsKit */; };
		DD9B9B172EBAD6B70037F818 /* Auth in Frameworks */ = {isa = PBXBuildFile; productRef = DD9B9B162EBAD6B70037F818 /* Auth */; };
		DD9B9B192EBAD6B70037F818 /* Functions in Frameworks */ = {isa = PBXBuildFile; productRef = DD9B9B182EBAD6B70037F818 /* Functions */; };
		DD9B9B1B2EBAD6B70037F818 /* PostgREST in Frameworks */ = {isa = PBXBuildFile; productRef = DD9B9B1A2EBAD6B70037F818 /* PostgREST */; };
		DD9B9B1D2EBAD6B70037F818 /* Realtime in Frameworks */ = {isa = PBXBuildFile; productRef = DD9B9B1C2EBAD6B70037F818 /* Realtime */; };
		DD9B9B1F2EBAD6B70037F818 /* Storage in Frameworks */ = {isa = PBXBuildFile; productRef = DD9B9B1E2EBAD6B70037F818 /* Storage */; };
/* End PBXBuildFile section */

/* Begin PBXContainerItemProxy section */
		EE6BA7482EB58BDE00C916C0 /* PBXContainerItemProxy */ = {
			isa = PBXContainerItemProxy;
			containerPortal = EE6BA7322EB58BDD00C916C0 /* Project object */;
			proxyType = 1;
			remoteGlobalIDString = EE6BA7392EB58BDD00C916C0;
			remoteInfo = DigiFit;
		};
		EE6BA7522EB58BDE00C916C0 /* PBXContainerItemProxy */ = {
			isa = PBXContainerItemProxy;
			containerPortal = EE6BA7322EB58BDD00C916C0 /* Project object */;
			proxyType = 1;
			remoteGlobalIDString = EE6BA7392EB58BDD00C916C0;
			remoteInfo = DigiFit;
		};
/* End PBXContainerItemProxy section */

/* Begin PBXFileReference section */
		EE6BA73A2EB58BDD00C916C0 /* DigiFit.app */ = {isa = PBXFileReference; explicitFileType = wrapper.application; includeInIndex = 0; path = DigiFit.app; sourceTree = BUILT_PRODUCTS_DIR; };
		EE6BA7472EB58BDE00C916C0 /* DigiFitTests.xctest */ = {isa = PBXFileReference; explicitFileType = wrapper.cfbundle; includeInIndex = 0; path = DigiFitTests.xctest; sourceTree = BUILT_PRODUCTS_DIR; };
		EE6BA7512EB58BDE00C916C0 /* DigiFitUITests.xctest */ = {isa = PBXFileReference; explicitFileType = wrapper.cfbundle; includeInIndex = 0; path = DigiFitUITests.xctest; sourceTree = BUILT_PRODUCTS_DIR; };
/* End PBXFileReference section */

/* Begin PBXFileSystemSynchronizedRootGroup section */
		EE6BA73C2EB58BDD00C916C0 /* DigiFit */ = {
			isa = PBXFileSystemSynchronizedRootGroup;
			path = DigiFit;
			sourceTree = "<group>";
		};
		EE6BA74A2EB58BDE00C916C0 /* DigiFitTests */ = {
			isa = PBXFileSystemSynchronizedRootGroup;
			path = DigiFitTests;
			sourceTree = "<group>";
		};
		EE6BA7542EB58BDE00C916C0 /* DigiFitUITests */ = {
			isa = PBXFileSystemSynchronizedRootGroup;
			path = DigiFitUITests;
			sourceTree = "<group>";
		};
/* End PBXFileSystemSynchronizedRootGroup section */

/* Begin PBXFrameworksBuildPhase section */
		EE6BA7372EB58BDD00C916C0 /* Frameworks */ = {
			isa = PBXFrameworksBuildPhase;
			buildActionMask = 2147483647;
			files = (
				DD9B9B1F2EBAD6B70037F818 /* Storage in Frameworks */,
				DD9B9B1B2EBAD6B70037F818 /* PostgREST in Frameworks */,
				DD9B9B192EBAD6B70037F818 /* Functions in Frameworks */,
				DD9B9B172EBAD6B70037F818 /* Auth in Frameworks */,
				DD9B9B1D2EBAD6B70037F818 /* Realtime in Frameworks */,
				DD4954672EB82B2E000D11AA /* ComponentsKit in Frameworks */,
			);
			runOnlyForDeploymentPostprocessing = 0;
		};
		EE6BA7442EB58BDE00C916C0 /* Frameworks */ = {
			isa = PBXFrameworksBuildPhase;
			buildActionMask = 2147483647;
			files = (
			);
			runOnlyForDeploymentPostprocessing = 0;
		};
		EE6BA74E2EB58BDE00C916C0 /* Frameworks */ = {
			isa = PBXFrameworksBuildPhase;
			buildActionMask = 2147483647;
			files = (
			);
			runOnlyForDeploymentPostprocessing = 0;
		};
/* End PBXFrameworksBuildPhase section */

/* Begin PBXGroup section */
		EE6BA7312EB58BDD00C916C0 = {
			isa = PBXGroup;
			children = (
				EE6BA73C2EB58BDD00C916C0 /* DigiFit */,
				EE6BA74A2EB58BDE00C916C0 /* DigiFitTests */,
				EE6BA7542EB58BDE00C916C0 /* DigiFitUITests */,
				EE6BA73B2EB58BDD00C916C0 /* Products */,
			);
			sourceTree = "<group>";
		};
		EE6BA73B2EB58BDD00C916C0 /* Products */ = {
			isa = PBXGroup;
			children = (
				EE6BA73A2EB58BDD00C916C0 /* DigiFit.app */,
				EE6BA7472EB58BDE00C916C0 /* DigiFitTests.xctest */,
				EE6BA7512EB58BDE00C916C0 /* DigiFitUITests.xctest */,
			);
			name = Products;
			sourceTree = "<group>";
		};
/* End PBXGroup section */

/* Begin PBXNativeTarget section */
		EE6BA7392EB58BDD00C916C0 /* DigiFit */ = {
			isa = PBXNativeTarget;
			buildConfigurationList = EE6BA75B2EB58BDE00C916C0 /* Build configuration list for PBXNativeTarget "DigiFit" */;
			buildPhases = (
				EE6BA7362EB58BDD00C916C0 /* Sources */,
				EE6BA7372EB58BDD00C916C0 /* Frameworks */,
				EE6BA7382EB58BDD00C916C0 /* Resources */,
			);
			buildRules = (
			);
			dependencies = (
			);
			fileSystemSynchronizedGroups = (
				EE6BA73C2EB58BDD00C916C0 /* DigiFit */,
			);
			name = DigiFit;
			packageProductDependencies = (
				DD4954662EB82B2E000D11AA /* ComponentsKit */,
				DD9B9B162EBAD6B70037F818 /* Auth */,
				DD9B9B182EBAD6B70037F818 /* Functions */,
				DD9B9B1A2EBAD6B70037F818 /* PostgREST */,
				DD9B9B1C2EBAD6B70037F818 /* Realtime */,
				DD9B9B1E2EBAD6B70037F818 /* Storage */,
			);
			productName = DigiFit;
			productReference = EE6BA73A2EB58BDD00C916C0 /* DigiFit.app */;
			productType = "com.apple.product-type.application";
		};
		EE6BA7462EB58BDE00C916C0 /* DigiFitTests */ = {
			isa = PBXNativeTarget;
			buildConfigurationList = EE6BA75E2EB58BDE00C916C0 /* Build configuration list for PBXNativeTarget "DigiFitTests" */;
			buildPhases = (
				EE6BA7432EB58BDE00C916C0 /* Sources */,
				EE6BA7442EB58BDE00C916C0 /* Frameworks */,
				EE6BA7452EB58BDE00C916C0 /* Resources */,
			);
			buildRules = (
			);
			dependencies = (
				EE6BA7492EB58BDE00C916C0 /* PBXTargetDependency */,
			);
			fileSystemSynchronizedGroups = (
				EE6BA74A2EB58BDE00C916C0 /* DigiFitTests */,
			);
			name = DigiFitTests;
			packageProductDependencies = (
			);
			productName = DigiFitTests;
			productReference = EE6BA7472EB58BDE00C916C0 /* DigiFitTests.xctest */;
			productType = "com.apple.product-type.bundle.unit-test";
		};
		EE6BA7502EB58BDE00C916C0 /* DigiFitUITests */ = {
			isa = PBXNativeTarget;
			buildConfigurationList = EE6BA7612EB58BDE00C916C0 /* Build configuration list for PBXNativeTarget "DigiFitUITests" */;
			buildPhases = (
				EE6BA74D2EB58BDE00C916C0 /* Sources */,
				EE6BA74E2EB58BDE00C916C0 /* Frameworks */,
				EE6BA74F2EB58BDE00C916C0 /* Resources */,
			);
			buildRules = (
			);
			dependencies = (
				EE6BA7532EB58BDE00C916C0 /* PBXTargetDependency */,
			);
			fileSystemSynchronizedGroups = (
				EE6BA7542EB58BDE00C916C0 /* DigiFitUITests */,
			);
			name = DigiFitUITests;
			packageProductDependencies = (
			);
			productName = DigiFitUITests;
			productReference = EE6BA7512EB58BDE00C916C0 /* DigiFitUITests.xctest */;
			productType = "com.apple.product-type.bundle.ui-testing";
		};
/* End PBXNativeTarget section */

/* Begin PBXProject section */
		EE6BA7322EB58BDD00C916C0 /* Project object */ = {
			isa = PBXProject;
			attributes = {
				BuildIndependentTargetsInParallel = 1;
				LastSwiftUpdateCheck = 1640;
				LastUpgradeCheck = 1640;
				TargetAttributes = {
					EE6BA7392EB58BDD00C916C0 = {
						CreatedOnToolsVersion = 16.4;
					};
					EE6BA7462EB58BDE00C916C0 = {
						CreatedOnToolsVersion = 16.4;
						TestTargetID = EE6BA7392EB58BDD00C916C0;
					};
					EE6BA7502EB58BDE00C916C0 = {
						CreatedOnToolsVersion = 16.4;
						TestTargetID = EE6BA7392EB58BDD00C916C0;
					};
				};
			};
			buildConfigurationList = EE6BA7352EB58BDD00C916C0 /* Build configuration list for PBXProject "DigiFit" */;
			developmentRegion = en;
			hasScannedForEncodings = 0;
			knownRegions = (
				en,
				Base,
			);
			mainGroup = EE6BA7312EB58BDD00C916C0;
			minimizedProjectReferenceProxies = 1;
			packageReferences = (
				DD4954652EB82AD1000D11AA /* XCRemoteSwiftPackageReference "componentskit" */,
				DD9B9B152EBAD6B70037F818 /* XCRemoteSwiftPackageReference "supabase-swift" */,
			);
			preferredProjectObjectVersion = 77;
			productRefGroup = EE6BA73B2EB58BDD00C916C0 /* Products */;
			projectDirPath = "";
			projectRoot = "";
			targets = (
				EE6BA7392EB58BDD00C916C0 /* DigiFit */,
				EE6BA7462EB58BDE00C916C0 /* DigiFitTests */,
				EE6BA7502EB58BDE00C916C0 /* DigiFitUITests */,
			);
		};
/* End PBXProject section */

/* Begin PBXResourcesBuildPhase section */
		EE6BA7382EB58BDD00C916C0 /* Resources */ = {
			isa = PBXResourcesBuildPhase;
			buildActionMask = 2147483647;
			files = (
			);
			runOnlyForDeploymentPostprocessing = 0;
		};
		EE6BA7452EB58BDE00C916C0 /* Resources */ = {
			isa = PBXResourcesBuildPhase;
			buildActionMask = 2147483647;
			files = (
			);
			runOnlyForDeploymentPostprocessing = 0;
		};
		EE6BA74F2EB58BDE00C916C0 /* Resources */ = {
			isa = PBXResourcesBuildPhase;
			buildActionMask = 2147483647;
			files = (
			);
			runOnlyForDeploymentPostprocessing = 0;
		};
/* End PBXResourcesBuildPhase section */

/* Begin PBXSourcesBuildPhase section */
		EE6BA7362EB58BDD00C916C0 /* Sources */ = {
			isa = PBXSourcesBuildPhase;
			buildActionMask = 2147483647;
			files = (
			);
			runOnlyForDeploymentPostprocessing = 0;
		};
		EE6BA7432EB58BDE00C916C0 /* Sources */ = {
			isa = PBXSourcesBuildPhase;
			buildActionMask = 2147483647;
			files = (
			);
			runOnlyForDeploymentPostprocessing = 0;
		};
		EE6BA74D2EB58BDE00C916C0 /* Sources */ = {
			isa = PBXSourcesBuildPhase;
			buildActionMask = 2147483647;
			files = (
			);
			runOnlyForDeploymentPostprocessing = 0;
		};
/* End PBXSourcesBuildPhase section */

/* Begin PBXTargetDependency section */
		EE6BA7492EB58BDE00C916C0 /* PBXTargetDependency */ = {
			isa = PBXTargetDependency;
			target = EE6BA7392EB58BDD00C916C0 /* DigiFit */;
			targetProxy = EE6BA7482EB58BDE00C916C0 /* PBXContainerItemProxy */;
		};
		EE6BA7532EB58BDE00C916C0 /* PBXTargetDependency */ = {
			isa = PBXTargetDependency;
			target = EE6BA7392EB58BDD00C916C0 /* DigiFit */;
			targetProxy = EE6BA7522EB58BDE00C916C0 /* PBXContainerItemProxy */;
		};
/* End PBXTargetDependency section */

/* Begin XCBuildConfiguration section */
		EE6BA7592EB58BDE00C916C0 /* Debug */ = {
			isa = XCBuildConfiguration;
			buildSettings = {
				ALWAYS_SEARCH_USER_PATHS = NO;
				ASSETCATALOG_COMPILER_GENERATE_SWIFT_ASSET_SYMBOL_EXTENSIONS = YES;
				CLANG_ANALYZER_NONNULL = YES;
				CLANG_ANALYZER_NUMBER_OBJECT_CONVERSION = YES_AGGRESSIVE;
				CLANG_CXX_LANGUAGE_STANDARD = "gnu++20";
				CLANG_ENABLE_MODULES = YES;
				CLANG_ENABLE_OBJC_ARC = YES;
				CLANG_ENABLE_OBJC_WEAK = YES;
				CLANG_WARN_BLOCK_CAPTURE_AUTORELEASING = YES;
				CLANG_WARN_BOOL_CONVERSION = YES;
				CLANG_WARN_COMMA = YES;
				CLANG_WARN_CONSTANT_CONVERSION = YES;
				CLANG_WARN_DEPRECATED_OBJC_IMPLEMENTATIONS = YES;
				CLANG_WARN_DIRECT_OBJC_ISA_USAGE = YES_ERROR;
				CLANG_WARN_DOCUMENTATION_COMMENTS = YES;
				CLANG_WARN_EMPTY_BODY = YES;
				CLANG_WARN_ENUM_CONVERSION = YES;
				CLANG_WARN_INFINITE_RECURSION = YES;
				CLANG_WARN_INT_CONVERSION = YES;
				CLANG_WARN_NON_LITERAL_NULL_CONVERSION = YES;
				CLANG_WARN_OBJC_IMPLICIT_RETAIN_SELF = YES;
				CLANG_WARN_OBJC_LITERAL_CONVERSION = YES;
				CLANG_WARN_OBJC_ROOT_CLASS = YES_ERROR;
				CLANG_WARN_QUOTED_INCLUDE_IN_FRAMEWORK_HEADER = YES;
				CLANG_WARN_RANGE_LOOP_ANALYSIS = YES;
				CLANG_WARN_STRICT_PROTOTYPES = YES;
				CLANG_WARN_SUSPICIOUS_MOVE = YES;
				CLANG_WARN_UNGUARDED_AVAILABILITY = YES_AGGRESSIVE;
				CLANG_WARN_UNREACHABLE_CODE = YES;
				CLANG_WARN__DUPLICATE_METHOD_MATCH = YES;
				COPY_PHASE_STRIP = NO;
				DEBUG_INFORMATION_FORMAT = dwarf;
				DEVELOPMENT_TEAM = YGQB5B8WXN;
				ENABLE_STRICT_OBJC_MSGSEND = YES;
				ENABLE_TESTABILITY = YES;
				ENABLE_USER_SCRIPT_SANDBOXING = YES;
				GCC_C_LANGUAGE_STANDARD = gnu17;
				GCC_DYNAMIC_NO_PIC = NO;
				GCC_NO_COMMON_BLOCKS = YES;
				GCC_OPTIMIZATION_LEVEL = 0;
				GCC_PREPROCESSOR_DEFINITIONS = (
					"DEBUG=1",
					"$(inherited)",
				);
				GCC_WARN_64_TO_32_BIT_CONVERSION = YES;
				GCC_WARN_ABOUT_RETURN_TYPE = YES_ERROR;
				GCC_WARN_UNDECLARED_SELECTOR = YES;
				GCC_WARN_UNINITIALIZED_AUTOS = YES_AGGRESSIVE;
				GCC_WARN_UNUSED_FUNCTION = YES;
				GCC_WARN_UNUSED_VARIABLE = YES;
				IPHONEOS_DEPLOYMENT_TARGET = 17.0;
				LOCALIZATION_PREFERS_STRING_CATALOGS = YES;
				MTL_ENABLE_DEBUG_INFO = INCLUDE_SOURCE;
				MTL_FAST_MATH = YES;
				ONLY_ACTIVE_ARCH = YES;
				SDKROOT = iphoneos;
				SWIFT_ACTIVE_COMPILATION_CONDITIONS = "DEBUG $(inherited)";
				SWIFT_OPTIMIZATION_LEVEL = "-Onone";
			};
			name = Debug;
		};
		EE6BA75A2EB58BDE00C916C0 /* Release */ = {
			isa = XCBuildConfiguration;
			buildSettings = {
				ALWAYS_SEARCH_USER_PATHS = NO;
				ASSETCATALOG_COMPILER_GENERATE_SWIFT_ASSET_SYMBOL_EXTENSIONS = YES;
				CLANG_ANALYZER_NONNULL = YES;
				CLANG_ANALYZER_NUMBER_OBJECT_CONVERSION = YES_AGGRESSIVE;
				CLANG_CXX_LANGUAGE_STANDARD = "gnu++20";
				CLANG_ENABLE_MODULES = YES;
				CLANG_ENABLE_OBJC_ARC = YES;
				CLANG_ENABLE_OBJC_WEAK = YES;
				CLANG_WARN_BLOCK_CAPTURE_AUTORELEASING = YES;
				CLANG_WARN_BOOL_CONVERSION = YES;
				CLANG_WARN_COMMA = YES;
				CLANG_WARN_CONSTANT_CONVERSION = YES;
				CLANG_WARN_DEPRECATED_OBJC_IMPLEMENTATIONS = YES;
				CLANG_WARN_DIRECT_OBJC_ISA_USAGE = YES_ERROR;
				CLANG_WARN_DOCUMENTATION_COMMENTS = YES;
				CLANG_WARN_EMPTY_BODY = YES;
				CLANG_WARN_ENUM_CONVERSION = YES;
				CLANG_WARN_INFINITE_RECURSION = YES;
				CLANG_WARN_INT_CONVERSION = YES;
				CLANG_WARN_NON_LITERAL_NULL_CONVERSION = YES;
				CLANG_WARN_OBJC_IMPLICIT_RETAIN_SELF = YES;
				CLANG_WARN_OBJC_LITERAL_CONVERSION = YES;
				CLANG_WARN_OBJC_ROOT_CLASS = YES_ERROR;
				CLANG_WARN_QUOTED_INCLUDE_IN_FRAMEWORK_HEADER = YES;
				CLANG_WARN_RANGE_LOOP_ANALYSIS = YES;
				CLANG_WARN_STRICT_PROTOTYPES = YES;
				CLANG_WARN_SUSPICIOUS_MOVE = YES;
				CLANG_WARN_UNGUARDED_AVAILABILITY = YES_AGGRESSIVE;
				CLANG_WARN_UNREACHABLE_CODE = YES;
				CLANG_WARN__DUPLICATE_METHOD_MATCH = YES;
				COPY_PHASE_STRIP = NO;
				DEBUG_INFORMATION_FORMAT = "dwarf-with-dsym";
				DEVELOPMENT_TEAM = YGQB5B8WXN;
				ENABLE_NS_ASSERTIONS = NO;
				ENABLE_STRICT_OBJC_MSGSEND = YES;
				ENABLE_USER_SCRIPT_SANDBOXING = YES;
				GCC_C_LANGUAGE_STANDARD = gnu17;
				GCC_NO_COMMON_BLOCKS = YES;
				GCC_WARN_64_TO_32_BIT_CONVERSION = YES;
				GCC_WARN_ABOUT_RETURN_TYPE = YES_ERROR;
				GCC_WARN_UNDECLARED_SELECTOR = YES;
				GCC_WARN_UNINITIALIZED_AUTOS = YES_AGGRESSIVE;
				GCC_WARN_UNUSED_FUNCTION = YES;
				GCC_WARN_UNUSED_VARIABLE = YES;
				IPHONEOS_DEPLOYMENT_TARGET = 17.0;
				LOCALIZATION_PREFERS_STRING_CATALOGS = YES;
				MTL_ENABLE_DEBUG_INFO = NO;
				MTL_FAST_MATH = YES;
				SDKROOT = iphoneos;
				SWIFT_COMPILATION_MODE = wholemodule;
				VALIDATE_PRODUCT = YES;
			};
			name = Release;
		};
		EE6BA75C2EB58BDE00C916C0 /* Debug */ = {
			isa = XCBuildConfiguration;
			buildSettings = {
				ASSETCATALOG_COMPILER_APPICON_NAME = AppIcon;
				ASSETCATALOG_COMPILER_GLOBAL_ACCENT_COLOR_NAME = AccentColor;
				CODE_SIGN_STYLE = Automatic;
				CURRENT_PROJECT_VERSION = 1;
				DEVELOPMENT_TEAM = YGQB5B8WXN;
				ENABLE_PREVIEWS = YES;
				GENERATE_INFOPLIST_FILE = YES;
				INFOPLIST_KEY_UIApplicationSceneManifest_Generation = YES;
				INFOPLIST_KEY_UIApplicationSupportsIndirectInputEvents = YES;
				INFOPLIST_KEY_UILaunchScreen_Generation = YES;
				INFOPLIST_KEY_UISupportedInterfaceOrientations_iPad = "UIInterfaceOrientationPortrait UIInterfaceOrientationPortraitUpsideDown UIInterfaceOrientationLandscapeLeft UIInterfaceOrientationLandscapeRight";
				INFOPLIST_KEY_UISupportedInterfaceOrientations_iPhone = "UIInterfaceOrientationPortrait UIInterfaceOrientationLandscapeLeft UIInterfaceOrientationLandscapeRight";
				LD_RUNPATH_SEARCH_PATHS = (
					"$(inherited)",
					"@executable_path/Frameworks",
				);
				MARKETING_VERSION = 1.0;
				PRODUCT_BUNDLE_IDENTIFIER = "DigiFit.DigiFit--Gym-Workout-Tracker";
				PRODUCT_NAME = "$(TARGET_NAME)";
				SWIFT_EMIT_LOC_STRINGS = YES;
				SWIFT_VERSION = 5.0;
				TARGETED_DEVICE_FAMILY = "1,2";
			};
			name = Debug;
		};
		EE6BA75D2EB58BDE00C916C0 /* Release */ = {
			isa = XCBuildConfiguration;
			buildSettings = {
				ASSETCATALOG_COMPILER_APPICON_NAME = AppIcon;
				ASSETCATALOG_COMPILER_GLOBAL_ACCENT_COLOR_NAME = AccentColor;
				CODE_SIGN_STYLE = Automatic;
				CURRENT_PROJECT_VERSION = 1;
				DEVELOPMENT_TEAM = YGQB5B8WXN;
				ENABLE_PREVIEWS = YES;
				GENERATE_INFOPLIST_FILE = YES;
				INFOPLIST_KEY_UIApplicationSceneManifest_Generation = YES;
				INFOPLIST_KEY_UIApplicationSupportsIndirectInputEvents = YES;
				INFOPLIST_KEY_UILaunchScreen_Generation = YES;
				INFOPLIST_KEY_UISupportedInterfaceOrientations_iPad = "UIInterfaceOrientationPortrait UIInterfaceOrientationPortraitUpsideDown UIInterfaceOrientationLandscapeLeft UIInterfaceOrientationLandscapeRight";
				INFOPLIST_KEY_UISupportedInterfaceOrientations_iPhone = "UIInterfaceOrientationPortrait UIInterfaceOrientationLandscapeLeft UIInterfaceOrientationLandscapeRight";
				LD_RUNPATH_SEARCH_PATHS = (
					"$(inherited)",
					"@executable_path/Frameworks",
				);
				MARKETING_VERSION = 1.0;
				PRODUCT_BUNDLE_IDENTIFIER = "DigiFit.DigiFit--Gym-Workout-Tracker";
				PRODUCT_NAME = "$(TARGET_NAME)";
				SWIFT_EMIT_LOC_STRINGS = YES;
				SWIFT_VERSION = 5.0;
				TARGETED_DEVICE_FAMILY = "1,2";
			};
			name = Release;
		};
		EE6BA75F2EB58BDE00C916C0 /* Debug */ = {
			isa = XCBuildConfiguration;
			buildSettings = {
				BUNDLE_LOADER = "$(TEST_HOST)";
				CODE_SIGN_STYLE = Automatic;
				CURRENT_PROJECT_VERSION = 1;
				DEVELOPMENT_TEAM = YGQB5B8WXN;
				GENERATE_INFOPLIST_FILE = YES;
				IPHONEOS_DEPLOYMENT_TARGET = 17.0;
				MARKETING_VERSION = 1.0;
				PRODUCT_BUNDLE_IDENTIFIER = "DigiFit.DigiFit--Gym-Workout-TrackerTests";
				PRODUCT_NAME = "$(TARGET_NAME)";
				SWIFT_EMIT_LOC_STRINGS = NO;
				SWIFT_VERSION = 5.0;
				TARGETED_DEVICE_FAMILY = "1,2";
				TEST_HOST = "$(BUILT_PRODUCTS_DIR)/DigiFit.app/$(BUNDLE_EXECUTABLE_FOLDER_PATH)/DigiFit";
			};
			name = Debug;
		};
		EE6BA7602EB58BDE00C916C0 /* Release */ = {
			isa = XCBuildConfiguration;
			buildSettings = {
				BUNDLE_LOADER = "$(TEST_HOST)";
				CODE_SIGN_STYLE = Automatic;
				CURRENT_PROJECT_VERSION = 1;
				DEVELOPMENT_TEAM = YGQB5B8WXN;
				GENERATE_INFOPLIST_FILE = YES;
				IPHONEOS_DEPLOYMENT_TARGET = 17.0;
				MARKETING_VERSION = 1.0;
				PRODUCT_BUNDLE_IDENTIFIER = "DigiFit.DigiFit--Gym-Workout-TrackerTests";
				PRODUCT_NAME = "$(TARGET_NAME)";
				SWIFT_EMIT_LOC_STRINGS = NO;
				SWIFT_VERSION = 5.0;
				TARGETED_DEVICE_FAMILY = "1,2";
				TEST_HOST = "$(BUILT_PRODUCTS_DIR)/DigiFit.app/$(BUNDLE_EXECUTABLE_FOLDER_PATH)/DigiFit";
			};
			name = Release;
		};
		EE6BA7622EB58BDE00C916C0 /* Debug */ = {
			isa = XCBuildConfiguration;
			buildSettings = {
				CODE_SIGN_STYLE = Automatic;
				CURRENT_PROJECT_VERSION = 1;
				DEVELOPMENT_TEAM = YGQB5B8WXN;
				GENERATE_INFOPLIST_FILE = YES;
				MARKETING_VERSION = 1.0;
				PRODUCT_BUNDLE_IDENTIFIER = "DigiFit.DigiFit--Gym-Workout-TrackerUITests";
				PRODUCT_NAME = "$(TARGET_NAME)";
				SWIFT_EMIT_LOC_STRINGS = NO;
				SWIFT_VERSION = 5.0;
				TARGETED_DEVICE_FAMILY = "1,2";
				TEST_TARGET_NAME = DigiFit;
			};
			name = Debug;
		};
		EE6BA7632EB58BDE00C916C0 /* Release */ = {
			isa = XCBuildConfiguration;
			buildSettings = {
				CODE_SIGN_STYLE = Automatic;
				CURRENT_PROJECT_VERSION = 1;
				DEVELOPMENT_TEAM = YGQB5B8WXN;
				GENERATE_INFOPLIST_FILE = YES;
				MARKETING_VERSION = 1.0;
				PRODUCT_BUNDLE_IDENTIFIER = "DigiFit.DigiFit--Gym-Workout-TrackerUITests";
				PRODUCT_NAME = "$(TARGET_NAME)";
				SWIFT_EMIT_LOC_STRINGS = NO;
				SWIFT_VERSION = 5.0;
				TARGETED_DEVICE_FAMILY = "1,2";
				TEST_TARGET_NAME = DigiFit;
			};
			name = Release;
		};
/* End XCBuildConfiguration section */

/* Begin XCConfigurationList section */
		EE6BA7352EB58BDD00C916C0 /* Build configuration list for PBXProject "DigiFit" */ = {
			isa = XCConfigurationList;
			buildConfigurations = (
				EE6BA7592EB58BDE00C916C0 /* Debug */,
				EE6BA75A2EB58BDE00C916C0 /* Release */,
			);
			defaultConfigurationIsVisible = 0;
			defaultConfigurationName = Release;
		};
		EE6BA75B2EB58BDE00C916C0 /* Build configuration list for PBXNativeTarget "DigiFit" */ = {
			isa = XCConfigurationList;
			buildConfigurations = (
				EE6BA75C2EB58BDE00C916C0 /* Debug */,
				EE6BA75D2EB58BDE00C916C0 /* Release */,
			);
			defaultConfigurationIsVisible = 0;
			defaultConfigurationName = Release;
		};
		EE6BA75E2EB58BDE00C916C0 /* Build configuration list for PBXNativeTarget "DigiFitTests" */ = {
			isa = XCConfigurationList;
			buildConfigurations = (
				EE6BA75F2EB58BDE00C916C0 /* Debug */,
				EE6BA7602EB58BDE00C916C0 /* Release */,
			);
			defaultConfigurationIsVisible = 0;
			defaultConfigurationName = Release;
		};
		EE6BA7612EB58BDE00C916C0 /* Build configuration list for PBXNativeTarget "DigiFitUITests" */ = {
			isa = XCConfigurationList;
			buildConfigurations = (
				EE6BA7622EB58BDE00C916C0 /* Debug */,
				EE6BA7632EB58BDE00C916C0 /* Release */,
			);
			defaultConfigurationIsVisible = 0;
			defaultConfigurationName = Release;
		};
/* End XCConfigurationList section */

/* Begin XCRemoteSwiftPackageReference section */
		DD4954652EB82AD1000D11AA /* XCRemoteSwiftPackageReference "componentskit" */ = {
			isa = XCRemoteSwiftPackageReference;
			repositoryURL = "https://github.com/componentskit/componentskit.git";
			requirement = {
				kind = upToNextMajorVersion;
				minimumVersion = 1.5.4;
			};
		};
		DD9B9B152EBAD6B70037F818 /* XCRemoteSwiftPackageReference "supabase-swift" */ = {
			isa = XCRemoteSwiftPackageReference;
			repositoryURL = "https://github.com/supabase-community/supabase-swift";
			requirement = {
				kind = upToNextMajorVersion;
				minimumVersion = 2.5.1;
			};
		};
/* End XCRemoteSwiftPackageReference section */

/* Begin XCSwiftPackageProductDependency section */
		DD4954662EB82B2E000D11AA /* ComponentsKit */ = {
			isa = XCSwiftPackageProductDependency;
			package = DD4954652EB82AD1000D11AA /* XCRemoteSwiftPackageReference "componentskit" */;
			productName = ComponentsKit;
		};
		DD9B9B162EBAD6B70037F818 /* Auth */ = {
			isa = XCSwiftPackageProductDependency;
			package = DD9B9B152EBAD6B70037F818 /* XCRemoteSwiftPackageReference "supabase-swift" */;
			productName = Auth;
		};
		DD9B9B182EBAD6B70037F818 /* Functions */ = {
			isa = XCSwiftPackageProductDependency;
			package = DD9B9B152EBAD6B70037F818 /* XCRemoteSwiftPackageReference "supabase-swift" */;
			productName = Functions;
		};
		DD9B9B1A2EBAD6B70037F818 /* PostgREST */ = {
			isa = XCSwiftPackageProductDependency;
			package = DD9B9B152EBAD6B70037F818 /* XCRemoteSwiftPackageReference "supabase-swift" */;
			productName = PostgREST;
		};
		DD9B9B1C2EBAD6B70037F818 /* Realtime */ = {
			isa = XCSwiftPackageProductDependency;
			package = DD9B9B152EBAD6B70037F818 /* XCRemoteSwiftPackageReference "supabase-swift" */;
			productName = Realtime;
		};
		DD9B9B1E2EBAD6B70037F818 /* Storage */ = {
			isa = XCSwiftPackageProductDependency;
			package = DD9B9B152EBAD6B70037F818 /* XCRemoteSwiftPackageReference "supabase-swift" */;
			productName = Storage;
		};
/* End XCSwiftPackageProductDependency section */
	};
	rootObject = EE6BA7322EB58BDD00C916C0 /* Project object */;
}
